// !$*UTF8*$!
{
	archiveVersion = 1;
	classes = {
	};
	objectVersion = 50;
	objects = {

/* Begin PBXBuildFile section */
		8E5EC84B2528D97C00F0E734 /* AppDelegate.swift in Sources */ = {isa = PBXBuildFile; fileRef = 8E5EC84A2528D97C00F0E734 /* AppDelegate.swift */; };
		8E5EC84D2528D97C00F0E734 /* SceneDelegate.swift in Sources */ = {isa = PBXBuildFile; fileRef = 8E5EC84C2528D97C00F0E734 /* SceneDelegate.swift */; };
		8E5EC8522528D97C00F0E734 /* Main.storyboard in Resources */ = {isa = PBXBuildFile; fileRef = 8E5EC8502528D97C00F0E734 /* Main.storyboard */; };
		8E5EC8542528D97E00F0E734 /* Assets.xcassets in Resources */ = {isa = PBXBuildFile; fileRef = 8E5EC8532528D97E00F0E734 /* Assets.xcassets */; };
		8E5EC8572528D97E00F0E734 /* LaunchScreen.storyboard in Resources */ = {isa = PBXBuildFile; fileRef = 8E5EC8552528D97E00F0E734 /* LaunchScreen.storyboard */; };
		8EC48BAC252CACFA0033828C /* CalculatorViewController.storyboard in Resources */ = {isa = PBXBuildFile; fileRef = 8EC48BAB252CACFA0033828C /* CalculatorViewController.storyboard */; };
		8EC48BAF252CC0F60033828C /* CalculatorDispalyDelegate.swift in Sources */ = {isa = PBXBuildFile; fileRef = 8EC48BAE252CC0F60033828C /* CalculatorDispalyDelegate.swift */; };
		8ED7FC6F2534BE3C0062432D /* CalculatorService.swift in Sources */ = {isa = PBXBuildFile; fileRef = 8ED7FC6E2534BE3C0062432D /* CalculatorService.swift */; };
		8ED7FC742534BF210062432D /* Stack.swift in Sources */ = {isa = PBXBuildFile; fileRef = 8ED7FC732534BF210062432D /* Stack.swift */; };
		8ED7FC782534BF550062432D /* Sign.swift in Sources */ = {isa = PBXBuildFile; fileRef = 8ED7FC772534BF550062432D /* Sign.swift */; };
		8ED7FC7B253702490062432D /* CurrentValueValidator.swift in Sources */ = {isa = PBXBuildFile; fileRef = 8ED7FC7A253702490062432D /* CurrentValueValidator.swift */; };
		8ED7FC81253F3D870062432D /* CalculatorValidator.swift in Sources */ = {isa = PBXBuildFile; fileRef = 8ED7FC80253F3D870062432D /* CalculatorValidator.swift */; };
		8EF28C51252CAA84009551A2 /* CalculatorViewController.swift in Sources */ = {isa = PBXBuildFile; fileRef = 8EF28C50252CAA84009551A2 /* CalculatorViewController.swift */; };
		8EF28C56252CAADE009551A2 /* CalculatorViewModel.swift in Sources */ = {isa = PBXBuildFile; fileRef = 8EF28C55252CAADE009551A2 /* CalculatorViewModel.swift */; };
/* End PBXBuildFile section */

/* Begin PBXFileReference section */
		8E5EC8472528D97C00F0E734 /* adaptCalculator.app */ = {isa = PBXFileReference; explicitFileType = wrapper.application; includeInIndex = 0; path = adaptCalculator.app; sourceTree = BUILT_PRODUCTS_DIR; };
		8E5EC84A2528D97C00F0E734 /* AppDelegate.swift */ = {isa = PBXFileReference; lastKnownFileType = sourcecode.swift; path = AppDelegate.swift; sourceTree = "<group>"; };
		8E5EC84C2528D97C00F0E734 /* SceneDelegate.swift */ = {isa = PBXFileReference; lastKnownFileType = sourcecode.swift; path = SceneDelegate.swift; sourceTree = "<group>"; };
		8E5EC8512528D97C00F0E734 /* Base */ = {isa = PBXFileReference; lastKnownFileType = file.storyboard; name = Base; path = Base.lproj/Main.storyboard; sourceTree = "<group>"; };
		8E5EC8532528D97E00F0E734 /* Assets.xcassets */ = {isa = PBXFileReference; lastKnownFileType = folder.assetcatalog; path = Assets.xcassets; sourceTree = "<group>"; };
		8E5EC8562528D97E00F0E734 /* Base */ = {isa = PBXFileReference; lastKnownFileType = file.storyboard; name = Base; path = Base.lproj/LaunchScreen.storyboard; sourceTree = "<group>"; };
		8E5EC8582528D97E00F0E734 /* Info.plist */ = {isa = PBXFileReference; lastKnownFileType = text.plist.xml; path = Info.plist; sourceTree = "<group>"; };
		8EC48BAB252CACFA0033828C /* CalculatorViewController.storyboard */ = {isa = PBXFileReference; lastKnownFileType = file.storyboard; path = CalculatorViewController.storyboard; sourceTree = "<group>"; };
		8EC48BAE252CC0F60033828C /* CalculatorDispalyDelegate.swift */ = {isa = PBXFileReference; lastKnownFileType = sourcecode.swift; path = CalculatorDispalyDelegate.swift; sourceTree = "<group>"; };
		8ED7FC6E2534BE3C0062432D /* CalculatorService.swift */ = {isa = PBXFileReference; lastKnownFileType = sourcecode.swift; path = CalculatorService.swift; sourceTree = "<group>"; };
		8ED7FC732534BF210062432D /* Stack.swift */ = {isa = PBXFileReference; lastKnownFileType = sourcecode.swift; path = Stack.swift; sourceTree = "<group>"; };
		8ED7FC772534BF550062432D /* Sign.swift */ = {isa = PBXFileReference; lastKnownFileType = sourcecode.swift; path = Sign.swift; sourceTree = "<group>"; };
		8ED7FC7A253702490062432D /* CurrentValueValidator.swift */ = {isa = PBXFileReference; lastKnownFileType = sourcecode.swift; path = CurrentValueValidator.swift; sourceTree = "<group>"; };
		8ED7FC80253F3D870062432D /* CalculatorValidator.swift */ = {isa = PBXFileReference; lastKnownFileType = sourcecode.swift; path = CalculatorValidator.swift; sourceTree = "<group>"; };
		8EF28C50252CAA84009551A2 /* CalculatorViewController.swift */ = {isa = PBXFileReference; lastKnownFileType = sourcecode.swift; path = CalculatorViewController.swift; sourceTree = "<group>"; };
		8EF28C55252CAADE009551A2 /* CalculatorViewModel.swift */ = {isa = PBXFileReference; lastKnownFileType = sourcecode.swift; path = CalculatorViewModel.swift; sourceTree = "<group>"; };
/* End PBXFileReference section */

/* Begin PBXFrameworksBuildPhase section */
		8E5EC8442528D97C00F0E734 /* Frameworks */ = {
			isa = PBXFrameworksBuildPhase;
			buildActionMask = 2147483647;
			files = (
			);
			runOnlyForDeploymentPostprocessing = 0;
		};
/* End PBXFrameworksBuildPhase section */

/* Begin PBXGroup section */
		8E5EC83E2528D97C00F0E734 = {
			isa = PBXGroup;
			children = (
				8E5EC8492528D97C00F0E734 /* adaptCalculator */,
				8E5EC8482528D97C00F0E734 /* Products */,
			);
			sourceTree = "<group>";
		};
		8E5EC8482528D97C00F0E734 /* Products */ = {
			isa = PBXGroup;
			children = (
				8E5EC8472528D97C00F0E734 /* adaptCalculator.app */,
			);
			name = Products;
			sourceTree = "<group>";
		};
		8E5EC8492528D97C00F0E734 /* adaptCalculator */ = {
			isa = PBXGroup;
			children = (
				8E5EC84A2528D97C00F0E734 /* AppDelegate.swift */,
				8E5EC84C2528D97C00F0E734 /* SceneDelegate.swift */,
				8ED7FC722534BF090062432D /* Models */,
				8EF28C53252CAA91009551A2 /* CalculatorFlow */,
				8E5EC8502528D97C00F0E734 /* Main.storyboard */,
				8E5EC8532528D97E00F0E734 /* Assets.xcassets */,
				8E5EC8552528D97E00F0E734 /* LaunchScreen.storyboard */,
				8E5EC8582528D97E00F0E734 /* Info.plist */,
			);
			path = adaptCalculator;
			sourceTree = "<group>";
		};
		8ED7FC6D2534BE000062432D /* Services */ = {
			isa = PBXGroup;
			children = (
				8ED7FC6E2534BE3C0062432D /* CalculatorService.swift */,
				8ED7FC7A253702490062432D /* CurrentValueValidator.swift */,
				8ED7FC80253F3D870062432D /* CalculatorValidator.swift */,
			);
			path = Services;
			sourceTree = "<group>";
		};
		8ED7FC722534BF090062432D /* Models */ = {
			isa = PBXGroup;
			children = (
				8ED7FC732534BF210062432D /* Stack.swift */,
				8ED7FC772534BF550062432D /* Sign.swift */,
			);
			path = Models;
			sourceTree = "<group>";
		};
		8EF28C53252CAA91009551A2 /* CalculatorFlow */ = {
			isa = PBXGroup;
			children = (
				8ED7FC6D2534BE000062432D /* Services */,
				8EF28C50252CAA84009551A2 /* CalculatorViewController.swift */,
				8EF28C55252CAADE009551A2 /* CalculatorViewModel.swift */,
				8EC48BAB252CACFA0033828C /* CalculatorViewController.storyboard */,
				8EC48BAE252CC0F60033828C /* CalculatorDispalyDelegate.swift */,
			);
			path = CalculatorFlow;
			sourceTree = "<group>";
		};
/* End PBXGroup section */

/* Begin PBXNativeTarget section */
		8E5EC8462528D97C00F0E734 /* adaptCalculator */ = {
			isa = PBXNativeTarget;
			buildConfigurationList = 8E5EC85B2528D97E00F0E734 /* Build configuration list for PBXNativeTarget "adaptCalculator" */;
			buildPhases = (
				8E5EC8432528D97C00F0E734 /* Sources */,
				8E5EC8442528D97C00F0E734 /* Frameworks */,
				8E5EC8452528D97C00F0E734 /* Resources */,
			);
			buildRules = (
			);
			dependencies = (
			);
			name = adaptCalculator;
			productName = adaptCalculator;
			productReference = 8E5EC8472528D97C00F0E734 /* adaptCalculator.app */;
			productType = "com.apple.product-type.application";
		};
/* End PBXNativeTarget section */

/* Begin PBXProject section */
		8E5EC83F2528D97C00F0E734 /* Project object */ = {
			isa = PBXProject;
			attributes = {
				LastSwiftUpdateCheck = 1200;
				LastUpgradeCheck = 1200;
				TargetAttributes = {
					8E5EC8462528D97C00F0E734 = {
						CreatedOnToolsVersion = 12.0.1;
					};
				};
			};
			buildConfigurationList = 8E5EC8422528D97C00F0E734 /* Build configuration list for PBXProject "adaptCalculator" */;
			compatibilityVersion = "Xcode 9.3";
			developmentRegion = en;
			hasScannedForEncodings = 0;
			knownRegions = (
				en,
				Base,
			);
			mainGroup = 8E5EC83E2528D97C00F0E734;
			productRefGroup = 8E5EC8482528D97C00F0E734 /* Products */;
			projectDirPath = "";
			projectRoot = "";
			targets = (
				8E5EC8462528D97C00F0E734 /* adaptCalculator */,
			);
		};
/* End PBXProject section */

/* Begin PBXResourcesBuildPhase section */
		8E5EC8452528D97C00F0E734 /* Resources */ = {
			isa = PBXResourcesBuildPhase;
			buildActionMask = 2147483647;
			files = (
				8E5EC8572528D97E00F0E734 /* LaunchScreen.storyboard in Resources */,
				8E5EC8542528D97E00F0E734 /* Assets.xcassets in Resources */,
				8E5EC8522528D97C00F0E734 /* Main.storyboard in Resources */,
				8EC48BAC252CACFA0033828C /* CalculatorViewController.storyboard in Resources */,
			);
			runOnlyForDeploymentPostprocessing = 0;
		};
/* End PBXResourcesBuildPhase section */

/* Begin PBXSourcesBuildPhase section */
		8E5EC8432528D97C00F0E734 /* Sources */ = {
			isa = PBXSourcesBuildPhase;
			buildActionMask = 2147483647;
			files = (
				8E5EC84B2528D97C00F0E734 /* AppDelegate.swift in Sources */,
				8ED7FC782534BF550062432D /* Sign.swift in Sources */,
				8EF28C51252CAA84009551A2 /* CalculatorViewController.swift in Sources */,
				8ED7FC6F2534BE3C0062432D /* CalculatorService.swift in Sources */,
				8ED7FC742534BF210062432D /* Stack.swift in Sources */,
				8EC48BAF252CC0F60033828C /* CalculatorDispalyDelegate.swift in Sources */,
				8E5EC84D2528D97C00F0E734 /* SceneDelegate.swift in Sources */,
				8ED7FC7B253702490062432D /* CurrentValueValidator.swift in Sources */,
				8ED7FC81253F3D870062432D /* CalculatorValidator.swift in Sources */,
				8EF28C56252CAADE009551A2 /* CalculatorViewModel.swift in Sources */,
			);
			runOnlyForDeploymentPostprocessing = 0;
		};
/* End PBXSourcesBuildPhase section */

/* Begin PBXVariantGroup section */
		8E5EC8502528D97C00F0E734 /* Main.storyboard */ = {
			isa = PBXVariantGroup;
			children = (
				8E5EC8512528D97C00F0E734 /* Base */,
			);
			name = Main.storyboard;
			sourceTree = "<group>";
		};
		8E5EC8552528D97E00F0E734 /* LaunchScreen.storyboard */ = {
			isa = PBXVariantGroup;
			children = (
				8E5EC8562528D97E00F0E734 /* Base */,
			);
			name = LaunchScreen.storyboard;
			sourceTree = "<group>";
		};
/* End PBXVariantGroup section */

/* Begin XCBuildConfiguration section */
		8E5EC8592528D97E00F0E734 /* Debug */ = {
			isa = XCBuildConfiguration;
			buildSettings = {
				ALWAYS_SEARCH_USER_PATHS = NO;
				CLANG_ANALYZER_NONNULL = YES;
				CLANG_ANALYZER_NUMBER_OBJECT_CONVERSION = YES_AGGRESSIVE;
				CLANG_CXX_LANGUAGE_STANDARD = "gnu++14";
				CLANG_CXX_LIBRARY = "libc++";
				CLANG_ENABLE_MODULES = YES;
				CLANG_ENABLE_OBJC_ARC = YES;
				CLANG_ENABLE_OBJC_WEAK = YES;
				CLANG_WARN_BLOCK_CAPTURE_AUTORELEASING = YES;
				CLANG_WARN_BOOL_CONVERSION = YES;
				CLANG_WARN_COMMA = YES;
				CLANG_WARN_CONSTANT_CONVERSION = YES;
				CLANG_WARN_DEPRECATED_OBJC_IMPLEMENTATIONS = YES;
				CLANG_WARN_DIRECT_OBJC_ISA_USAGE = YES_ERROR;
				CLANG_WARN_DOCUMENTATION_COMMENTS = YES;
				CLANG_WARN_EMPTY_BODY = YES;
				CLANG_WARN_ENUM_CONVERSION = YES;
				CLANG_WARN_INFINITE_RECURSION = YES;
				CLANG_WARN_INT_CONVERSION = YES;
				CLANG_WARN_NON_LITERAL_NULL_CONVERSION = YES;
				CLANG_WARN_OBJC_IMPLICIT_RETAIN_SELF = YES;
				CLANG_WARN_OBJC_LITERAL_CONVERSION = YES;
				CLANG_WARN_OBJC_ROOT_CLASS = YES_ERROR;
				CLANG_WARN_QUOTED_INCLUDE_IN_FRAMEWORK_HEADER = YES;
				CLANG_WARN_RANGE_LOOP_ANALYSIS = YES;
				CLANG_WARN_STRICT_PROTOTYPES = YES;
				CLANG_WARN_SUSPICIOUS_MOVE = YES;
				CLANG_WARN_UNGUARDED_AVAILABILITY = YES_AGGRESSIVE;
				CLANG_WARN_UNREACHABLE_CODE = YES;
				CLANG_WARN__DUPLICATE_METHOD_MATCH = YES;
				COPY_PHASE_STRIP = NO;
				DEBUG_INFORMATION_FORMAT = dwarf;
				ENABLE_STRICT_OBJC_MSGSEND = YES;
				ENABLE_TESTABILITY = YES;
				GCC_C_LANGUAGE_STANDARD = gnu11;
				GCC_DYNAMIC_NO_PIC = NO;
				GCC_NO_COMMON_BLOCKS = YES;
				GCC_OPTIMIZATION_LEVEL = 0;
				GCC_PREPROCESSOR_DEFINITIONS = (
					"DEBUG=1",
					"$(inherited)",
				);
				GCC_WARN_64_TO_32_BIT_CONVERSION = YES;
				GCC_WARN_ABOUT_RETURN_TYPE = YES_ERROR;
				GCC_WARN_UNDECLARED_SELECTOR = YES;
				GCC_WARN_UNINITIALIZED_AUTOS = YES_AGGRESSIVE;
				GCC_WARN_UNUSED_FUNCTION = YES;
				GCC_WARN_UNUSED_VARIABLE = YES;
				IPHONEOS_DEPLOYMENT_TARGET = 14.0;
				MTL_ENABLE_DEBUG_INFO = INCLUDE_SOURCE;
				MTL_FAST_MATH = YES;
				ONLY_ACTIVE_ARCH = YES;
				SDKROOT = iphoneos;
				SWIFT_ACTIVE_COMPILATION_CONDITIONS = DEBUG;
				SWIFT_OPTIMIZATION_LEVEL = "-Onone";
			};
			name = Debug;
		};
		8E5EC85A2528D97E00F0E734 /* Release */ = {
			isa = XCBuildConfiguration;
			buildSettings = {
				ALWAYS_SEARCH_USER_PATHS = NO;
				CLANG_ANALYZER_NONNULL = YES;
				CLANG_ANALYZER_NUMBER_OBJECT_CONVERSION = YES_AGGRESSIVE;
				CLANG_CXX_LANGUAGE_STANDARD = "gnu++14";
				CLANG_CXX_LIBRARY = "libc++";
				CLANG_ENABLE_MODULES = YES;
				CLANG_ENABLE_OBJC_ARC = YES;
				CLANG_ENABLE_OBJC_WEAK = YES;
				CLANG_WARN_BLOCK_CAPTURE_AUTORELEASING = YES;
				CLANG_WARN_BOOL_CONVERSION = YES;
				CLANG_WARN_COMMA = YES;
				CLANG_WARN_CONSTANT_CONVERSION = YES;
				CLANG_WARN_DEPRECATED_OBJC_IMPLEMENTATIONS = YES;
				CLANG_WARN_DIRECT_OBJC_ISA_USAGE = YES_ERROR;
				CLANG_WARN_DOCUMENTATION_COMMENTS = YES;
				CLANG_WARN_EMPTY_BODY = YES;
				CLANG_WARN_ENUM_CONVERSION = YES;
				CLANG_WARN_INFINITE_RECURSION = YES;
				CLANG_WARN_INT_CONVERSION = YES;
				CLANG_WARN_NON_LITERAL_NULL_CONVERSION = YES;
				CLANG_WARN_OBJC_IMPLICIT_RETAIN_SELF = YES;
				CLANG_WARN_OBJC_LITERAL_CONVERSION = YES;
				CLANG_WARN_OBJC_ROOT_CLASS = YES_ERROR;
				CLANG_WARN_QUOTED_INCLUDE_IN_FRAMEWORK_HEADER = YES;
				CLANG_WARN_RANGE_LOOP_ANALYSIS = YES;
				CLANG_WARN_STRICT_PROTOTYPES = YES;
				CLANG_WARN_SUSPICIOUS_MOVE = YES;
				CLANG_WARN_UNGUARDED_AVAILABILITY = YES_AGGRESSIVE;
				CLANG_WARN_UNREACHABLE_CODE = YES;
				CLANG_WARN__DUPLICATE_METHOD_MATCH = YES;
				COPY_PHASE_STRIP = NO;
				DEBUG_INFORMATION_FORMAT = "dwarf-with-dsym";
				ENABLE_NS_ASSERTIONS = NO;
				ENABLE_STRICT_OBJC_MSGSEND = YES;
				GCC_C_LANGUAGE_STANDARD = gnu11;
				GCC_NO_COMMON_BLOCKS = YES;
				GCC_WARN_64_TO_32_BIT_CONVERSION = YES;
				GCC_WARN_ABOUT_RETURN_TYPE = YES_ERROR;
				GCC_WARN_UNDECLARED_SELECTOR = YES;
				GCC_WARN_UNINITIALIZED_AUTOS = YES_AGGRESSIVE;
				GCC_WARN_UNUSED_FUNCTION = YES;
				GCC_WARN_UNUSED_VARIABLE = YES;
				IPHONEOS_DEPLOYMENT_TARGET = 14.0;
				MTL_ENABLE_DEBUG_INFO = NO;
				MTL_FAST_MATH = YES;
				SDKROOT = iphoneos;
				SWIFT_COMPILATION_MODE = wholemodule;
				SWIFT_OPTIMIZATION_LEVEL = "-O";
				VALIDATE_PRODUCT = YES;
			};
			name = Release;
		};
		8E5EC85C2528D97E00F0E734 /* Debug */ = {
			isa = XCBuildConfiguration;
			buildSettings = {
				ASSETCATALOG_COMPILER_APPICON_NAME = AppIcon;
				ASSETCATALOG_COMPILER_GLOBAL_ACCENT_COLOR_NAME = AccentColor;
				CODE_SIGN_STYLE = Automatic;
				DEVELOPMENT_TEAM = WLLTHZ3VP7;
				INFOPLIST_FILE = adaptCalculator/Info.plist;
				LD_RUNPATH_SEARCH_PATHS = (
					"$(inherited)",
					"@executable_path/Frameworks",
				);
				PRODUCT_BUNDLE_IDENTIFIER = OnlyFrenzy.adaptCalculator;
				PRODUCT_NAME = "$(TARGET_NAME)";
				SWIFT_VERSION = 5.0;
				TARGETED_DEVICE_FAMILY = "1,2";
			};
			name = Debug;
		};
		8E5EC85D2528D97E00F0E734 /* Release */ = {
			isa = XCBuildConfiguration;
			buildSettings = {
				ASSETCATALOG_COMPILER_APPICON_NAME = AppIcon;
				ASSETCATALOG_COMPILER_GLOBAL_ACCENT_COLOR_NAME = AccentColor;
				CODE_SIGN_STYLE = Automatic;
				DEVELOPMENT_TEAM = WLLTHZ3VP7;
				INFOPLIST_FILE = adaptCalculator/Info.plist;
				LD_RUNPATH_SEARCH_PATHS = (
					"$(inherited)",
					"@executable_path/Frameworks",
				);
				PRODUCT_BUNDLE_IDENTIFIER = OnlyFrenzy.adaptCalculator;
				PRODUCT_NAME = "$(TARGET_NAME)";
				SWIFT_VERSION = 5.0;
				TARGETED_DEVICE_FAMILY = "1,2";
			};
			name = Release;
		};
/* End XCBuildConfiguration section */

/* Begin XCConfigurationList section */
		8E5EC8422528D97C00F0E734 /* Build configuration list for PBXProject "adaptCalculator" */ = {
			isa = XCConfigurationList;
			buildConfigurations = (
				8E5EC8592528D97E00F0E734 /* Debug */,
				8E5EC85A2528D97E00F0E734 /* Release */,
			);
			defaultConfigurationIsVisible = 0;
			defaultConfigurationName = Release;
		};
		8E5EC85B2528D97E00F0E734 /* Build configuration list for PBXNativeTarget "adaptCalculator" */ = {
			isa = XCConfigurationList;
			buildConfigurations = (
				8E5EC85C2528D97E00F0E734 /* Debug */,
				8E5EC85D2528D97E00F0E734 /* Release */,
			);
			defaultConfigurationIsVisible = 0;
			defaultConfigurationName = Release;
		};
/* End XCConfigurationList section */
	};
	rootObject = 8E5EC83F2528D97C00F0E734 /* Project object */;
}
